
Microsoft Visual Studio Solution File, Format Version 12.00
# Visual Studio 15
VisualStudioVersion = 15.0.28010.2036
MinimumVisualStudioVersion = 10.0.40219.1
Project("{8BC9CEB8-8B4A-11D0-8D11-00A0C91BC942}") = "Project1", "Project1\Project1.vcxproj", "{5CC8905B-DDC1-4272-BFB5-960DF85BD5EB}"
EndProject
Global
	GlobalSection(SolutionConfigurationPlatforms) = preSolution
		Debug|x64 = Debug|x64
		Debug|x86 = Debug|x86
		Release|x64 = Release|x64
		Release|x86 = Release|x86
	EndGlobalSection
	GlobalSection(ProjectConfigurationPlatforms) = postSolution
		{5CC8905B-DDC1-4272-BFB5-960DF85BD5EB}.Debug|x64.ActiveCfg = Debug|x64
		{5CC8905B-DDC1-4272-BFB5-960DF85BD5EB}.Debug|x64.Build.0 = Debug|x64
		{5CC8905B-DDC1-4272-BFB5-960DF85BD5EB}.Debug|x86.ActiveCfg = Debug|Win32
		{5CC8905B-DDC1-4272-BFB5-960DF85BD5EB}.Debug|x86.Build.0 = Debug|Win32
		{5CC8905B-DDC1-4272-BFB5-960DF85BD5EB}.Release|x64.ActiveCfg = Release|x64
		{5CC8905B-DDC1-4272-BFB5-960DF85BD5EB}.Release|x64.Build.0 = Release|x64
		{5CC8905B-DDC1-4272-BFB5-960DF85BD5EB}.Release|x86.ActiveCfg = Release|Win32
		{5CC8905B-DDC1-4272-BFB5-960DF85BD5EB}.Release|x86.Build.0 = Release|Win32
	EndGlobalSection
	GlobalSection(SolutionProperties) = preSolution
		HideSolutionNode = FALSE
	EndGlobalSection
	GlobalSection(ExtensibilityGlobals) = postSolution
		SolutionGuid = {2833E1D3-0510-42D9-AD54-5E89FAA2DC10}
	EndGlobalSection
EndGlobal
